<?xml version="1.0" encoding="utf-8"?>
<Project ToolsVersion="4.0" xmlns="http://schemas.microsoft.com/developer/msbuild/2003">
  <ItemGroup>
    <Filter Include="src">
      <UniqueIdentifier>{b85a7b6f-8278-4490-b846-82adb3e8d487}</UniqueIdentifier>
    </Filter>
    <Filter Include="src\include">
      <UniqueIdentifier>{eceec0cd-6529-4253-a4a8-8690e0e39dab}</UniqueIdentifier>
    </Filter>
  </ItemGroup>
  <ItemGroup>
    <ClCompile Include="..\..\..\..\src\zyre.c">
      <Filter>src</Filter>
    </ClCompile>
    <ClCompile Include="..\..\..\..\src\zyre_node.c">
      <Filter>src</Filter>
    </ClCompile>
    <ClCompile Include="..\..\..\..\src\zre_msg.c">
      <Filter>src</Filter>
    </ClCompile>
    <ClCompile Include="..\..\..\..\src\zyre_event.c">
      <Filter>src</Filter>
    </ClCompile>
    <ClCompile Include="..\..\..\..\src\zyre_group.c">
      <Filter>src</Filter>
    </ClCompile>
    <ClCompile Include="..\..\..\..\src\zyre_peer.c">
      <Filter>src</Filter>
    </ClCompile>
  </ItemGroup>
  <ItemGroup>
    <ClInclude Include="..\..\..\..\src\zyre_classes.h">
      <Filter>src</Filter>
    </ClInclude>
    <ClInclude Include="..\..\..\..\src\zyre_group.h">
      <Filter>src</Filter>
    </ClInclude>
    <ClInclude Include="..\..\..\..\src\zyre_node.h">
      <Filter>src</Filter>
    </ClInclude>
    <ClInclude Include="..\..\..\..\src\zyre_peer.h">
      <Filter>src</Filter>
    </ClInclude>
    <ClInclude Include="..\..\..\..\include\zre_msg.h">
      <Filter>src\include</Filter>
    </ClInclude>
    <ClInclude Include="..\..\..\..\include\zyre.h">
      <Filter>src\include</Filter>
    </ClInclude>
    <ClInclude Include="..\..\..\..\include\zyre_event.h">
      <Filter>src\include</Filter>
    </ClInclude>
  </ItemGroup>
</Project>