<?xml version="1.0" encoding="utf-8"?>
<!--
#################################################################
#   GENERATED SOURCE CODE, DO NOT EDIT EXCEPT EXPERIMENTALLY    #
#   Please read the README.txt file in the model directory.     #
#################################################################
-->
<Project ToolsVersion="4.0" xmlns="http://schemas.microsoft.com/developer/msbuild/2003">
  <ItemGroup>
    <ClInclude Include="..\..\resource.h">
      <Filter>resource</Filter>
    </ClInclude>
    <ClInclude Include="..\..\..\..\src\zyre_node.h">
      <Filter>src</Filter>
    </ClInclude>
    <ClInclude Include="..\..\..\..\src\zyre_classes.h">
      <Filter>src</Filter>
    </ClInclude>
    <ClInclude Include="..\..\..\..\src\zyre_group.h">
      <Filter>src</Filter>
    </ClInclude>
    <ClInclude Include="..\..\..\..\src\zyre_peer.h">
      <Filter>src</Filter>
    </ClInclude>
    <ClInclude Include="..\..\..\..\include\zre_msg.h">
      <Filter>include</Filter>
    </ClInclude>
    <ClInclude Include="..\..\..\..\include\zyre.h">
      <Filter>include</Filter>
    </ClInclude>
    <ClInclude Include="..\..\..\..\include\zyre_event.h">
      <Filter>include</Filter>
    </ClInclude>
  </ItemGroup>
  <ItemGroup>
    <ResourceCompile Include="..\..\zyre.rc" />
  </ItemGroup>
  <ItemGroup>
    <Filter Include="src">
      <UniqueIdentifier>{48f852d3-9723-4499-bf1a-35c0234b8ba9}</UniqueIdentifier>
    </Filter>
    <Filter Include="include">
      <UniqueIdentifier>{95e5d24a-57a2-429a-a1f1-304165f2e3da}</UniqueIdentifier>
    </Filter>
    <Filter Include="resource">
      <UniqueIdentifier>{48e93f8c-156c-4379-a901-4b5ad39a4eac}</UniqueIdentifier>
    </Filter>
  </ItemGroup>
  <ItemGroup>
    <ClCompile Include="..\..\..\..\src\zre_msg.c">
      <Filter>src</Filter>
    </ClCompile>
    <ClCompile Include="..\..\..\..\src\zyre.c">
      <Filter>src</Filter>
    </ClCompile>
    <ClCompile Include="..\..\..\..\src\zyre_event.c">
      <Filter>src</Filter>
    </ClCompile>
    <ClCompile Include="..\..\..\..\src\zyre_group.c">
      <Filter>src</Filter>
    </ClCompile>
    <ClCompile Include="..\..\..\..\src\zyre_node.c">
      <Filter>src</Filter>
    </ClCompile>
    <ClCompile Include="..\..\..\..\src\zyre_peer.c">
      <Filter>src</Filter>
    </ClCompile>
  </ItemGroup>
  <!--
#################################################################
#   GENERATED SOURCE CODE, DO NOT EDIT EXCEPT EXPERIMENTALLY    #
#   Please read the README.txt file in the model directory.     #
#################################################################
-->
</Project>